
Microsoft Visual Studio Solution File, Format Version 12.00
# Visual Studio 15
Project("{FAE04EC0-301F-11D3-BF4B-00C04F79EFBC}") = "DresdenFiles", "Assembly-CSharp-firstpass.csproj", "{CFA55664-D85F-4B3F-CFB3-C5E39B6CC9C3}"
EndProject
Project("{FAE04EC0-301F-11D3-BF4B-00C04F79EFBC}") = "DresdenFiles", "Assembly-CSharp-Editor-firstpass.csproj", "{3373A349-867B-30BE-9AF3-93BEAE64B04B}"
EndProject
Global
	GlobalSection(SolutionConfigurationPlatforms) = preSolution
		Debug|Any CPU = Debug|Any CPU
		Release|Any CPU = Release|Any CPU
	EndGlobalSection
	GlobalSection(ProjectConfigurationPlatforms) = postSolution
		{CFA55664-D85F-4B3F-CFB3-C5E39B6CC9C3}.Debug|Any CPU.ActiveCfg = Debug|Any CPU
		{CFA55664-D85F-4B3F-CFB3-C5E39B6CC9C3}.Debug|Any CPU.Build.0 = Debug|Any CPU
		{CFA55664-D85F-4B3F-CFB3-C5E39B6CC9C3}.Release|Any CPU.ActiveCfg = Release|Any CPU
		{CFA55664-D85F-4B3F-CFB3-C5E39B6CC9C3}.Release|Any CPU.Build.0 = Release|Any CPU
		{3373A349-867B-30BE-9AF3-93BEAE64B04B}.Debug|Any CPU.ActiveCfg = Debug|Any CPU
		{3373A349-867B-30BE-9AF3-93BEAE64B04B}.Debug|Any CPU.Build.0 = Debug|Any CPU
		{3373A349-867B-30BE-9AF3-93BEAE64B04B}.Release|Any CPU.ActiveCfg = Release|Any CPU
		{3373A349-867B-30BE-9AF3-93BEAE64B04B}.Release|Any CPU.Build.0 = Release|Any CPU
	EndGlobalSection
	GlobalSection(SolutionProperties) = preSolution
		HideSolutionNode = FALSE
	EndGlobalSection
EndGlobal
